
Microsoft Visual Studio Solution File, Format Version 12.00
# Visual Studio Version 16
VisualStudioVersion = 16.0.31702.278
MinimumVisualStudioVersion = 10.0.40219.1
Project("{9A19103F-16F7-4668-BE54-9A1E7A4F7556}") = "HeapSortingAlgorithms", "HeapSortingAlgorithms\HeapSortingAlgorithms.csproj", "{991A2D59-20A7-41F8-A8CE-27D42C780E8D}"
EndProject
Global
	GlobalSection(SolutionConfigurationPlatforms) = preSolution
		Debug|Any CPU = Debug|Any CPU
		Release|Any CPU = Release|Any CPU
	EndGlobalSection
	GlobalSection(ProjectConfigurationPlatforms) = postSolution
		{991A2D59-20A7-41F8-A8CE-27D42C780E8D}.Debug|Any CPU.ActiveCfg = Debug|Any CPU
		{991A2D59-20A7-41F8-A8CE-27D42C780E8D}.Debug|Any CPU.Build.0 = Debug|Any CPU
		{991A2D59-20A7-41F8-A8CE-27D42C780E8D}.Release|Any CPU.ActiveCfg = Release|Any CPU
		{991A2D59-20A7-41F8-A8CE-27D42C780E8D}.Release|Any CPU.Build.0 = Release|Any CPU
	EndGlobalSection
	GlobalSection(SolutionProperties) = preSolution
		HideSolutionNode = FALSE
	EndGlobalSection
	GlobalSection(ExtensibilityGlobals) = postSolution
		SolutionGuid = {96B3DCED-8809-4A99-A560-BC935CB07095}
	EndGlobalSection
EndGlobal
